
Microsoft Visual Studio Solution File, Format Version 12.00
# Visual Studio 2012
Project("{FAE04EC0-301F-11D3-BF4B-00C04F79EFBC}") = "DigitalBeacon.Web", "Web\DigitalBeacon.Web.csproj", "{08209DA9-B8AA-4ED9-803A-5A3221F9862F}"
EndProject
Project("{FAE04EC0-301F-11D3-BF4B-00C04F79EFBC}") = "DigitalBeacon.Model", "Model\DigitalBeacon.Model.csproj", "{65D6BA20-482D-43E9-897F-04C755924B74}"
EndProject
Project("{FAE04EC0-301F-11D3-BF4B-00C04F79EFBC}") = "DigitalBeacon.Data", "Data\DigitalBeacon.Data.csproj", "{FE097ABC-6DD3-442E-BD54-A68D3052D94D}"
EndProject
Project("{FAE04EC0-301F-11D3-BF4B-00C04F79EFBC}") = "DigitalBeacon.Data.NHibernate", "Data.NHibernate\DigitalBeacon.Data.NHibernate.csproj", "{5BAEB338-A80E-40E0-B7D8-ABF22B45490E}"
EndProject
Project("{FAE04EC0-301F-11D3-BF4B-00C04F79EFBC}") = "DigitalBeacon.Business", "Business\DigitalBeacon.Business.csproj", "{8600FC0A-4D3E-4924-8A41-B896DB344E41}"
EndProject
Project("{FAE04EC0-301F-11D3-BF4B-00C04F79EFBC}") = "DigitalBeacon.Util", "Util\DigitalBeacon.Util.csproj", "{58B30EEC-BEC9-4093-A20B-32B009BED5D9}"
EndProject
Project("{FAE04EC0-301F-11D3-BF4B-00C04F79EFBC}") = "DigitalBeacon", "Base\DigitalBeacon.csproj", "{56B7C963-75D0-4565-A767-655BA605001F}"
EndProject
Project("{FAE04EC0-301F-11D3-BF4B-00C04F79EFBC}") = "DigitalBeacon.SqlUpdate", "SqlUpdate\DigitalBeacon.SqlUpdate.csproj", "{44EB1577-2D8D-4FCE-9D3F-284B5846CC25}"
EndProject
Global
	GlobalSection(SolutionConfigurationPlatforms) = preSolution
		Debug|Any CPU = Debug|Any CPU
		Release|Any CPU = Release|Any CPU
	EndGlobalSection
	GlobalSection(ProjectConfigurationPlatforms) = postSolution
		{08209DA9-B8AA-4ED9-803A-5A3221F9862F}.Debug|Any CPU.ActiveCfg = Debug|Any CPU
		{08209DA9-B8AA-4ED9-803A-5A3221F9862F}.Debug|Any CPU.Build.0 = Debug|Any CPU
		{08209DA9-B8AA-4ED9-803A-5A3221F9862F}.Release|Any CPU.ActiveCfg = Release|Any CPU
		{08209DA9-B8AA-4ED9-803A-5A3221F9862F}.Release|Any CPU.Build.0 = Release|Any CPU
		{65D6BA20-482D-43E9-897F-04C755924B74}.Debug|Any CPU.ActiveCfg = Debug|Any CPU
		{65D6BA20-482D-43E9-897F-04C755924B74}.Debug|Any CPU.Build.0 = Debug|Any CPU
		{65D6BA20-482D-43E9-897F-04C755924B74}.Release|Any CPU.ActiveCfg = Release|Any CPU
		{65D6BA20-482D-43E9-897F-04C755924B74}.Release|Any CPU.Build.0 = Release|Any CPU
		{FE097ABC-6DD3-442E-BD54-A68D3052D94D}.Debug|Any CPU.ActiveCfg = Debug|Any CPU
		{FE097ABC-6DD3-442E-BD54-A68D3052D94D}.Debug|Any CPU.Build.0 = Debug|Any CPU
		{FE097ABC-6DD3-442E-BD54-A68D3052D94D}.Release|Any CPU.ActiveCfg = Release|Any CPU
		{FE097ABC-6DD3-442E-BD54-A68D3052D94D}.Release|Any CPU.Build.0 = Release|Any CPU
		{5BAEB338-A80E-40E0-B7D8-ABF22B45490E}.Debug|Any CPU.ActiveCfg = Debug|Any CPU
		{5BAEB338-A80E-40E0-B7D8-ABF22B45490E}.Debug|Any CPU.Build.0 = Debug|Any CPU
		{5BAEB338-A80E-40E0-B7D8-ABF22B45490E}.Release|Any CPU.ActiveCfg = Release|Any CPU
		{5BAEB338-A80E-40E0-B7D8-ABF22B45490E}.Release|Any CPU.Build.0 = Release|Any CPU
		{8600FC0A-4D3E-4924-8A41-B896DB344E41}.Debug|Any CPU.ActiveCfg = Debug|Any CPU
		{8600FC0A-4D3E-4924-8A41-B896DB344E41}.Debug|Any CPU.Build.0 = Debug|Any CPU
		{8600FC0A-4D3E-4924-8A41-B896DB344E41}.Release|Any CPU.ActiveCfg = Release|Any CPU
		{8600FC0A-4D3E-4924-8A41-B896DB344E41}.Release|Any CPU.Build.0 = Release|Any CPU
		{58B30EEC-BEC9-4093-A20B-32B009BED5D9}.Debug|Any CPU.ActiveCfg = Debug|Any CPU
		{58B30EEC-BEC9-4093-A20B-32B009BED5D9}.Debug|Any CPU.Build.0 = Debug|Any CPU
		{58B30EEC-BEC9-4093-A20B-32B009BED5D9}.Release|Any CPU.ActiveCfg = Release|Any CPU
		{58B30EEC-BEC9-4093-A20B-32B009BED5D9}.Release|Any CPU.Build.0 = Release|Any CPU
		{56B7C963-75D0-4565-A767-655BA605001F}.Debug|Any CPU.ActiveCfg = Debug|Any CPU
		{56B7C963-75D0-4565-A767-655BA605001F}.Debug|Any CPU.Build.0 = Debug|Any CPU
		{56B7C963-75D0-4565-A767-655BA605001F}.Release|Any CPU.ActiveCfg = Release|Any CPU
		{56B7C963-75D0-4565-A767-655BA605001F}.Release|Any CPU.Build.0 = Release|Any CPU
		{44EB1577-2D8D-4FCE-9D3F-284B5846CC25}.Debug|Any CPU.ActiveCfg = Debug|Any CPU
		{44EB1577-2D8D-4FCE-9D3F-284B5846CC25}.Debug|Any CPU.Build.0 = Debug|Any CPU
		{44EB1577-2D8D-4FCE-9D3F-284B5846CC25}.Release|Any CPU.ActiveCfg = Release|Any CPU
		{44EB1577-2D8D-4FCE-9D3F-284B5846CC25}.Release|Any CPU.Build.0 = Release|Any CPU
	EndGlobalSection
	GlobalSection(SolutionProperties) = preSolution
		HideSolutionNode = FALSE
	EndGlobalSection
EndGlobal
