{
  "name": "digitalbeacon.scripts",
  "version": "1.0.0",
  "lockfileVersion": 1,
  "requires": true,
  "dependencies": {
    "@types/jquery": {
      "version": "1.10.35",
      "resolved": "https://registry.npmjs.org/@types/jquery/-/jquery-1.10.35.tgz",
      "integrity": "sha512-SVtqEcudm7yjkTwoRA1gC6CNMhGDdMx4Pg8BPdiqI7bXXdCn1BPmtxgeWYQOgDxrq53/5YTlhq5ULxBEAlWIBg==",
      "dev": true
    }
  }
}
